
Microsoft Visual Studio Solution File, Format Version 12.00
# Visual Studio Version 16
VisualStudioVersion = 16.0.31321.278
MinimumVisualStudioVersion = 10.0.40219.1
Project("{FAE04EC0-301F-11D3-BF4B-00C04F79EFBC}") = "WebApplication1", "WebApplication1\WebApplication1.csproj", "{D73C12BA-272F-46BC-AF5D-FCB94C015B54}"
EndProject
Global
	GlobalSection(SolutionConfigurationPlatforms) = preSolution
		Debug|Any CPU = Debug|Any CPU
		Release|Any CPU = Release|Any CPU
	EndGlobalSection
	GlobalSection(ProjectConfigurationPlatforms) = postSolution
		{D73C12BA-272F-46BC-AF5D-FCB94C015B54}.Debug|Any CPU.ActiveCfg = Debug|Any CPU
		{D73C12BA-272F-46BC-AF5D-FCB94C015B54}.Debug|Any CPU.Build.0 = Debug|Any CPU
		{D73C12BA-272F-46BC-AF5D-FCB94C015B54}.Release|Any CPU.ActiveCfg = Release|Any CPU
		{D73C12BA-272F-46BC-AF5D-FCB94C015B54}.Release|Any CPU.Build.0 = Release|Any CPU
	EndGlobalSection
	GlobalSection(SolutionProperties) = preSolution
		HideSolutionNode = FALSE
	EndGlobalSection
	GlobalSection(ExtensibilityGlobals) = postSolution
		SolutionGuid = {0DBE221B-AD8D-435E-8434-C1EA999F21F8}
	EndGlobalSection
EndGlobal
